{
  "name": "gangaaramtech",
  "lockfileVersion": 3,
  "requires": true,
  "packages": {
    "": {
      "dependencies": {
        "amplify-cli": "^1.0.0"
      }
    },
    "node_modules/amplify-cli": {
      "version": "1.0.0",
      "resolved": "https://registry.npmjs.org/amplify-cli/-/amplify-cli-1.0.0.tgz",
      "integrity": "sha512-lYccW0HHS16xbsBlgmabxWgwzOWhul8tDpfd+yVTcSOCjdibkoyax0DhJ8GdT9+TCcAOcd6eCIpRtYVH/f/QbQ==",
      "hasInstallScript": true
    }
  }
}
